
Microsoft Visual Studio Solution File, Format Version 12.00
# Visual Studio 15
VisualStudioVersion = 15.0.28307.1209
MinimumVisualStudioVersion = 10.0.40219.1
Project("{FAE04EC0-301F-11D3-BF4B-00C04F79EFBC}") = "mega_sena", "mega_sena\mega_sena.csproj", "{C51783EF-BDA7-4AC6-A2B3-01EE10DABADB}"
EndProject
Global
	GlobalSection(SolutionConfigurationPlatforms) = preSolution
		Debug|Any CPU = Debug|Any CPU
		Release|Any CPU = Release|Any CPU
	EndGlobalSection
	GlobalSection(ProjectConfigurationPlatforms) = postSolution
		{C51783EF-BDA7-4AC6-A2B3-01EE10DABADB}.Debug|Any CPU.ActiveCfg = Debug|Any CPU
		{C51783EF-BDA7-4AC6-A2B3-01EE10DABADB}.Debug|Any CPU.Build.0 = Debug|Any CPU
		{C51783EF-BDA7-4AC6-A2B3-01EE10DABADB}.Release|Any CPU.ActiveCfg = Release|Any CPU
		{C51783EF-BDA7-4AC6-A2B3-01EE10DABADB}.Release|Any CPU.Build.0 = Release|Any CPU
	EndGlobalSection
	GlobalSection(SolutionProperties) = preSolution
		HideSolutionNode = FALSE
	EndGlobalSection
	GlobalSection(ExtensibilityGlobals) = postSolution
		SolutionGuid = {B3E34D95-A076-4A45-87AA-E54B770029A7}
	EndGlobalSection
EndGlobal
